
Microsoft Visual Studio Solution File, Format Version 12.00
# Visual Studio Version 17
VisualStudioVersion = 17.4.33403.182
MinimumVisualStudioVersion = 10.0.40219.1
Project("{FAE04EC0-301F-11D3-BF4B-00C04F79EFBC}") = "Test_01", "Test_01.csproj", "{12BFFBA3-46CF-4C07-9E42-E7FC39E5F12A}"
EndProject
Global
	GlobalSection(SolutionConfigurationPlatforms) = preSolution
		Debug|Any CPU = Debug|Any CPU
		Release|Any CPU = Release|Any CPU
	EndGlobalSection
	GlobalSection(ProjectConfigurationPlatforms) = postSolution
		{12BFFBA3-46CF-4C07-9E42-E7FC39E5F12A}.Debug|Any CPU.ActiveCfg = Debug|Any CPU
		{12BFFBA3-46CF-4C07-9E42-E7FC39E5F12A}.Debug|Any CPU.Build.0 = Debug|Any CPU
		{12BFFBA3-46CF-4C07-9E42-E7FC39E5F12A}.Release|Any CPU.ActiveCfg = Release|Any CPU
		{12BFFBA3-46CF-4C07-9E42-E7FC39E5F12A}.Release|Any CPU.Build.0 = Release|Any CPU
	EndGlobalSection
	GlobalSection(SolutionProperties) = preSolution
		HideSolutionNode = FALSE
	EndGlobalSection
	GlobalSection(ExtensibilityGlobals) = postSolution
		SolutionGuid = {9B149500-3A22-435D-A6D1-62F082C39859}
	EndGlobalSection
EndGlobal
