
Microsoft Visual Studio Solution File, Format Version 12.00
# Visual Studio Version 17
VisualStudioVersion = 17.4.33403.182
MinimumVisualStudioVersion = 10.0.40219.1
Project("{FAE04EC0-301F-11D3-BF4B-00C04F79EFBC}") = "WebApplication", "WebApplication\WebApplication.csproj", "{B8B09053-CB5E-40D6-B55A-7BC1CF3C505D}"
EndProject
Global
	GlobalSection(SolutionConfigurationPlatforms) = preSolution
		Debug|Any CPU = Debug|Any CPU
		Release|Any CPU = Release|Any CPU
	EndGlobalSection
	GlobalSection(ProjectConfigurationPlatforms) = postSolution
		{B8B09053-CB5E-40D6-B55A-7BC1CF3C505D}.Debug|Any CPU.ActiveCfg = Debug|Any CPU
		{B8B09053-CB5E-40D6-B55A-7BC1CF3C505D}.Debug|Any CPU.Build.0 = Debug|Any CPU
		{B8B09053-CB5E-40D6-B55A-7BC1CF3C505D}.Release|Any CPU.ActiveCfg = Release|Any CPU
		{B8B09053-CB5E-40D6-B55A-7BC1CF3C505D}.Release|Any CPU.Build.0 = Release|Any CPU
	EndGlobalSection
	GlobalSection(SolutionProperties) = preSolution
		HideSolutionNode = FALSE
	EndGlobalSection
	GlobalSection(ExtensibilityGlobals) = postSolution
		SolutionGuid = {C5AB4F05-ADEC-4483-9AF7-F8A675021068}
	EndGlobalSection
EndGlobal
