
Microsoft Visual Studio Solution File, Format Version 12.00
# Visual Studio Version 17
VisualStudioVersion = 17.4.33403.182
MinimumVisualStudioVersion = 10.0.40219.1
Project("{FAE04EC0-301F-11D3-BF4B-00C04F79EFBC}") = "Project_5", "Project_5.csproj", "{CCCDB76F-E8D0-4A88-A205-C1BA165A368E}"
EndProject
Global
	GlobalSection(SolutionConfigurationPlatforms) = preSolution
		Debug|Any CPU = Debug|Any CPU
		Release|Any CPU = Release|Any CPU
	EndGlobalSection
	GlobalSection(ProjectConfigurationPlatforms) = postSolution
		{CCCDB76F-E8D0-4A88-A205-C1BA165A368E}.Debug|Any CPU.ActiveCfg = Debug|Any CPU
		{CCCDB76F-E8D0-4A88-A205-C1BA165A368E}.Debug|Any CPU.Build.0 = Debug|Any CPU
		{CCCDB76F-E8D0-4A88-A205-C1BA165A368E}.Release|Any CPU.ActiveCfg = Release|Any CPU
		{CCCDB76F-E8D0-4A88-A205-C1BA165A368E}.Release|Any CPU.Build.0 = Release|Any CPU
	EndGlobalSection
	GlobalSection(SolutionProperties) = preSolution
		HideSolutionNode = FALSE
	EndGlobalSection
	GlobalSection(ExtensibilityGlobals) = postSolution
		SolutionGuid = {D459185F-25C6-4893-B361-E66B2B5C38CC}
	EndGlobalSection
EndGlobal
