
Microsoft Visual Studio Solution File, Format Version 12.00
# Visual Studio Version 17
VisualStudioVersion = 17.4.33403.182
MinimumVisualStudioVersion = 10.0.40219.1
Project("{FAE04EC0-301F-11D3-BF4B-00C04F79EFBC}") = "Project_2", "Project_2.csproj", "{DDE69208-2C2F-4CC5-98E2-6CA304CB7E8F}"
EndProject
Global
	GlobalSection(SolutionConfigurationPlatforms) = preSolution
		Debug|Any CPU = Debug|Any CPU
		Release|Any CPU = Release|Any CPU
	EndGlobalSection
	GlobalSection(ProjectConfigurationPlatforms) = postSolution
		{DDE69208-2C2F-4CC5-98E2-6CA304CB7E8F}.Debug|Any CPU.ActiveCfg = Debug|Any CPU
		{DDE69208-2C2F-4CC5-98E2-6CA304CB7E8F}.Debug|Any CPU.Build.0 = Debug|Any CPU
		{DDE69208-2C2F-4CC5-98E2-6CA304CB7E8F}.Release|Any CPU.ActiveCfg = Release|Any CPU
		{DDE69208-2C2F-4CC5-98E2-6CA304CB7E8F}.Release|Any CPU.Build.0 = Release|Any CPU
	EndGlobalSection
	GlobalSection(SolutionProperties) = preSolution
		HideSolutionNode = FALSE
	EndGlobalSection
	GlobalSection(ExtensibilityGlobals) = postSolution
		SolutionGuid = {6E1D33DE-3B03-4AF5-A357-E6C06ABA5F72}
	EndGlobalSection
EndGlobal
